<?xml version="1.0" encoding="utf-8"?>
<Project ToolsVersion="4.0" xmlns="http://schemas.microsoft.com/developer/msbuild/2003">
  <ItemGroup>
    <Filter Include="源文件">
      <UniqueIdentifier>{4FC737F1-C7A5-4376-A066-2A32D752A2FF}</UniqueIdentifier>
      <Extensions>cpp;c;cc;cxx;def;odl;idl;hpj;bat;asm;asmx</Extensions>
    </Filter>
    <Filter Include="头文件">
      <UniqueIdentifier>{93995380-89BD-4b04-88EB-625FBE52EBFB}</UniqueIdentifier>
      <Extensions>h;hh;hpp;hxx;hm;inl;inc;ipp;xsd</Extensions>
    </Filter>
    <Filter Include="资源文件">
      <UniqueIdentifier>{67DA6AB6-F800-4c08-8B7A-83BB121AAD01}</UniqueIdentifier>
      <Extensions>rc;ico;cur;bmp;dlg;rc2;rct;bin;rgs;gif;jpg;jpeg;jpe;resx;tiff;tif;png;wav;mfcribbon-ms</Extensions>
    </Filter>
  </ItemGroup>
  <ItemGroup>
    <ClCompile Include="source.c">
      <Filter>源文件</Filter>
    </ClCompile>
    <ClCompile Include="model.c">
      <Filter>源文件</Filter>
    </ClCompile>
    <ClCompile Include="k_cos.c">
      <Filter>源文件</Filter>
    </ClCompile>
    <ClCompile Include="k_sin.c">
      <Filter>源文件</Filter>
    </ClCompile>
    <ClCompile Include="binary.c">
      <Filter>源文件</Filter>
    </ClCompile>
    <ClCompile Include="binaryshow.c">
      <Filter>源文件</Filter>
    </ClCompile>
    <ClCompile Include="computeErrors.c">
      <Filter>源文件</Filter>
    </ClCompile>
    <ClCompile Include="computeULP.c">
      <Filter>源文件</Filter>
    </ClCompile>
    <ClCompile Include="data_gen.c">
      <Filter>源文件</Filter>
    </ClCompile>
    <ClCompile Include="main_test_sin_gen.c">
      <Filter>源文件</Filter>
    </ClCompile>
    <ClCompile Include="model_32.c">
      <Filter>源文件</Filter>
    </ClCompile>
    <ClCompile Include="model_64.c">
      <Filter>源文件</Filter>
    </ClCompile>
    <ClCompile Include="model_128.c">
      <Filter>源文件</Filter>
    </ClCompile>
    <ClCompile Include="model_256.c">
      <Filter>源文件</Filter>
    </ClCompile>
    <ClCompile Include="model_512.c">
      <Filter>源文件</Filter>
    </ClCompile>
    <ClCompile Include="model_fpminimax_pi_16.c">
      <Filter>源文件</Filter>
    </ClCompile>
    <ClCompile Include="model_fpminimax_pi_32.c">
      <Filter>源文件</Filter>
    </ClCompile>
    <ClCompile Include="model_fpminimax_pi_64.c">
      <Filter>源文件</Filter>
    </ClCompile>
    <ClCompile Include="model_fpminimax_pi_128.c">
      <Filter>源文件</Filter>
    </ClCompile>
    <ClCompile Include="model_fpminimax_pi_256.c">
      <Filter>源文件</Filter>
    </ClCompile>
    <ClCompile Include="mpfr_data_gen.c">
      <Filter>源文件</Filter>
    </ClCompile>
    <ClCompile Include="model_fpminimax_test_pi_512.c">
      <Filter>源文件</Filter>
    </ClCompile>
    <ClCompile Include="model_fpminimax_pi_512.c">
      <Filter>源文件</Filter>
    </ClCompile>
    <ClCompile Include="model_16.c">
      <Filter>源文件</Filter>
    </ClCompile>
    <ClCompile Include="model_8.c">
      <Filter>源文件</Filter>
    </ClCompile>
    <ClCompile Include="model_4.c">
      <Filter>源文件</Filter>
    </ClCompile>
    <ClCompile Include="model_fpminimax_pi_512_cleanversion.c">
      <Filter>源文件</Filter>
    </ClCompile>
  </ItemGroup>
  <ItemGroup>
    <ClInclude Include="resource.h">
      <Filter>头文件</Filter>
    </ClInclude>
    <ClInclude Include="myhead.h">
      <Filter>头文件</Filter>
    </ClInclude>
  </ItemGroup>
  <ItemGroup>
    <None Include="auto.sh" />
    <None Include="test.sh" />
    <None Include="test_fpminimax.sh" />
  </ItemGroup>
</Project>